
Microsoft Visual Studio Solution File, Format Version 12.00
# Visual Studio 15
VisualStudioVersion = 15.0.27703.2026
MinimumVisualStudioVersion = 10.0.40219.1
Project("{FAE04EC0-301F-11D3-BF4B-00C04F79EFBC}") = "StuffProject", "StuffProject\StuffProject.csproj", "{2D9C32E7-FC7A-4DA6-87AD-108DE4CD4BDB}"
EndProject
Project("{FAE04EC0-301F-11D3-BF4B-00C04F79EFBC}") = "STMUniversal", "STM\STMUniversal.csproj", "{A24064BB-AB76-475A-96F3-818C4FE69C1C}"
EndProject
Project("{FAE04EC0-301F-11D3-BF4B-00C04F79EFBC}") = "STMWPF", "STMWPF\STMWPF.csproj", "{C2B1EEC9-951E-4CB6-9B9A-EA12C0370BD6}"
EndProject
Project("{9A19103F-16F7-4668-BE54-9A1E7A4F7556}") = "SteamWebAPI2", "SteamWebAPI2-master\src\SteamWebAPI2\SteamWebAPI2.csproj", "{C6B19D0A-4865-4C9D-8180-BE5617CB4745}"
EndProject
Project("{FAE04EC0-301F-11D3-BF4B-00C04F79EFBC}") = "SteamKit", "SteamKit\SteamKit.csproj", "{BED2429A-2379-48E1-B8F9-48B3D117BFC5}"
EndProject
Global
	GlobalSection(SolutionConfigurationPlatforms) = preSolution
		Debug|Any CPU = Debug|Any CPU
		Debug|ARM = Debug|ARM
		Debug|x64 = Debug|x64
		Debug|x86 = Debug|x86
		Release|Any CPU = Release|Any CPU
		Release|ARM = Release|ARM
		Release|x64 = Release|x64
		Release|x86 = Release|x86
	EndGlobalSection
	GlobalSection(ProjectConfigurationPlatforms) = postSolution
		{2D9C32E7-FC7A-4DA6-87AD-108DE4CD4BDB}.Debug|Any CPU.ActiveCfg = Debug|Any CPU
		{2D9C32E7-FC7A-4DA6-87AD-108DE4CD4BDB}.Debug|Any CPU.Build.0 = Debug|Any CPU
		{2D9C32E7-FC7A-4DA6-87AD-108DE4CD4BDB}.Debug|ARM.ActiveCfg = Debug|Any CPU
		{2D9C32E7-FC7A-4DA6-87AD-108DE4CD4BDB}.Debug|ARM.Build.0 = Debug|Any CPU
		{2D9C32E7-FC7A-4DA6-87AD-108DE4CD4BDB}.Debug|x64.ActiveCfg = Debug|Any CPU
		{2D9C32E7-FC7A-4DA6-87AD-108DE4CD4BDB}.Debug|x86.ActiveCfg = Debug|Any CPU
		{2D9C32E7-FC7A-4DA6-87AD-108DE4CD4BDB}.Release|Any CPU.ActiveCfg = Release|Any CPU
		{2D9C32E7-FC7A-4DA6-87AD-108DE4CD4BDB}.Release|Any CPU.Build.0 = Release|Any CPU
		{2D9C32E7-FC7A-4DA6-87AD-108DE4CD4BDB}.Release|ARM.ActiveCfg = Release|Any CPU
		{2D9C32E7-FC7A-4DA6-87AD-108DE4CD4BDB}.Release|ARM.Build.0 = Release|Any CPU
		{2D9C32E7-FC7A-4DA6-87AD-108DE4CD4BDB}.Release|x64.ActiveCfg = Release|Any CPU
		{2D9C32E7-FC7A-4DA6-87AD-108DE4CD4BDB}.Release|x64.Build.0 = Release|Any CPU
		{2D9C32E7-FC7A-4DA6-87AD-108DE4CD4BDB}.Release|x86.ActiveCfg = Release|Any CPU
		{2D9C32E7-FC7A-4DA6-87AD-108DE4CD4BDB}.Release|x86.Build.0 = Release|Any CPU
		{A24064BB-AB76-475A-96F3-818C4FE69C1C}.Debug|Any CPU.ActiveCfg = Debug|x86
		{A24064BB-AB76-475A-96F3-818C4FE69C1C}.Debug|ARM.ActiveCfg = Debug|ARM
		{A24064BB-AB76-475A-96F3-818C4FE69C1C}.Debug|ARM.Build.0 = Debug|ARM
		{A24064BB-AB76-475A-96F3-818C4FE69C1C}.Debug|ARM.Deploy.0 = Debug|ARM
		{A24064BB-AB76-475A-96F3-818C4FE69C1C}.Debug|x64.ActiveCfg = Debug|x64
		{A24064BB-AB76-475A-96F3-818C4FE69C1C}.Debug|x64.Build.0 = Debug|x64
		{A24064BB-AB76-475A-96F3-818C4FE69C1C}.Debug|x64.Deploy.0 = Debug|x64
		{A24064BB-AB76-475A-96F3-818C4FE69C1C}.Debug|x86.ActiveCfg = Debug|x86
		{A24064BB-AB76-475A-96F3-818C4FE69C1C}.Debug|x86.Build.0 = Debug|x86
		{A24064BB-AB76-475A-96F3-818C4FE69C1C}.Debug|x86.Deploy.0 = Debug|x86
		{A24064BB-AB76-475A-96F3-818C4FE69C1C}.Release|Any CPU.ActiveCfg = Release|x86
		{A24064BB-AB76-475A-96F3-818C4FE69C1C}.Release|ARM.ActiveCfg = Release|ARM
		{A24064BB-AB76-475A-96F3-818C4FE69C1C}.Release|ARM.Build.0 = Release|ARM
		{A24064BB-AB76-475A-96F3-818C4FE69C1C}.Release|ARM.Deploy.0 = Release|ARM
		{A24064BB-AB76-475A-96F3-818C4FE69C1C}.Release|x64.ActiveCfg = Release|x64
		{A24064BB-AB76-475A-96F3-818C4FE69C1C}.Release|x64.Build.0 = Release|x64
		{A24064BB-AB76-475A-96F3-818C4FE69C1C}.Release|x64.Deploy.0 = Release|x64
		{A24064BB-AB76-475A-96F3-818C4FE69C1C}.Release|x86.ActiveCfg = Release|x86
		{A24064BB-AB76-475A-96F3-818C4FE69C1C}.Release|x86.Build.0 = Release|x86
		{A24064BB-AB76-475A-96F3-818C4FE69C1C}.Release|x86.Deploy.0 = Release|x86
		{C2B1EEC9-951E-4CB6-9B9A-EA12C0370BD6}.Debug|Any CPU.ActiveCfg = Debug|Any CPU
		{C2B1EEC9-951E-4CB6-9B9A-EA12C0370BD6}.Debug|Any CPU.Build.0 = Debug|Any CPU
		{C2B1EEC9-951E-4CB6-9B9A-EA12C0370BD6}.Debug|ARM.ActiveCfg = Debug|Any CPU
		{C2B1EEC9-951E-4CB6-9B9A-EA12C0370BD6}.Debug|ARM.Build.0 = Debug|Any CPU
		{C2B1EEC9-951E-4CB6-9B9A-EA12C0370BD6}.Debug|x64.ActiveCfg = Debug|Any CPU
		{C2B1EEC9-951E-4CB6-9B9A-EA12C0370BD6}.Debug|x86.ActiveCfg = Debug|Any CPU
		{C2B1EEC9-951E-4CB6-9B9A-EA12C0370BD6}.Release|Any CPU.ActiveCfg = Release|Any CPU
		{C2B1EEC9-951E-4CB6-9B9A-EA12C0370BD6}.Release|Any CPU.Build.0 = Release|Any CPU
		{C2B1EEC9-951E-4CB6-9B9A-EA12C0370BD6}.Release|ARM.ActiveCfg = Release|Any CPU
		{C2B1EEC9-951E-4CB6-9B9A-EA12C0370BD6}.Release|ARM.Build.0 = Release|Any CPU
		{C2B1EEC9-951E-4CB6-9B9A-EA12C0370BD6}.Release|x64.ActiveCfg = Release|Any CPU
		{C2B1EEC9-951E-4CB6-9B9A-EA12C0370BD6}.Release|x64.Build.0 = Release|Any CPU
		{C2B1EEC9-951E-4CB6-9B9A-EA12C0370BD6}.Release|x86.ActiveCfg = Release|Any CPU
		{C2B1EEC9-951E-4CB6-9B9A-EA12C0370BD6}.Release|x86.Build.0 = Release|Any CPU
		{C6B19D0A-4865-4C9D-8180-BE5617CB4745}.Debug|Any CPU.ActiveCfg = Debug|Any CPU
		{C6B19D0A-4865-4C9D-8180-BE5617CB4745}.Debug|Any CPU.Build.0 = Debug|Any CPU
		{C6B19D0A-4865-4C9D-8180-BE5617CB4745}.Debug|ARM.ActiveCfg = Debug|Any CPU
		{C6B19D0A-4865-4C9D-8180-BE5617CB4745}.Debug|ARM.Build.0 = Debug|Any CPU
		{C6B19D0A-4865-4C9D-8180-BE5617CB4745}.Debug|x64.ActiveCfg = Debug|Any CPU
		{C6B19D0A-4865-4C9D-8180-BE5617CB4745}.Debug|x86.ActiveCfg = Debug|Any CPU
		{C6B19D0A-4865-4C9D-8180-BE5617CB4745}.Release|Any CPU.ActiveCfg = Release|Any CPU
		{C6B19D0A-4865-4C9D-8180-BE5617CB4745}.Release|Any CPU.Build.0 = Release|Any CPU
		{C6B19D0A-4865-4C9D-8180-BE5617CB4745}.Release|ARM.ActiveCfg = Release|Any CPU
		{C6B19D0A-4865-4C9D-8180-BE5617CB4745}.Release|ARM.Build.0 = Release|Any CPU
		{C6B19D0A-4865-4C9D-8180-BE5617CB4745}.Release|x64.ActiveCfg = Release|Any CPU
		{C6B19D0A-4865-4C9D-8180-BE5617CB4745}.Release|x64.Build.0 = Release|Any CPU
		{C6B19D0A-4865-4C9D-8180-BE5617CB4745}.Release|x86.ActiveCfg = Release|Any CPU
		{C6B19D0A-4865-4C9D-8180-BE5617CB4745}.Release|x86.Build.0 = Release|Any CPU
		{BED2429A-2379-48E1-B8F9-48B3D117BFC5}.Debug|Any CPU.ActiveCfg = Debug|Any CPU
		{BED2429A-2379-48E1-B8F9-48B3D117BFC5}.Debug|Any CPU.Build.0 = Debug|Any CPU
		{BED2429A-2379-48E1-B8F9-48B3D117BFC5}.Debug|ARM.ActiveCfg = Debug|Any CPU
		{BED2429A-2379-48E1-B8F9-48B3D117BFC5}.Debug|ARM.Build.0 = Debug|Any CPU
		{BED2429A-2379-48E1-B8F9-48B3D117BFC5}.Debug|x64.ActiveCfg = Debug|Any CPU
		{BED2429A-2379-48E1-B8F9-48B3D117BFC5}.Debug|x64.Build.0 = Debug|Any CPU
		{BED2429A-2379-48E1-B8F9-48B3D117BFC5}.Debug|x86.ActiveCfg = Debug|Any CPU
		{BED2429A-2379-48E1-B8F9-48B3D117BFC5}.Debug|x86.Build.0 = Debug|Any CPU
		{BED2429A-2379-48E1-B8F9-48B3D117BFC5}.Release|Any CPU.ActiveCfg = Release|Any CPU
		{BED2429A-2379-48E1-B8F9-48B3D117BFC5}.Release|Any CPU.Build.0 = Release|Any CPU
		{BED2429A-2379-48E1-B8F9-48B3D117BFC5}.Release|ARM.ActiveCfg = Release|Any CPU
		{BED2429A-2379-48E1-B8F9-48B3D117BFC5}.Release|ARM.Build.0 = Release|Any CPU
		{BED2429A-2379-48E1-B8F9-48B3D117BFC5}.Release|x64.ActiveCfg = Release|Any CPU
		{BED2429A-2379-48E1-B8F9-48B3D117BFC5}.Release|x64.Build.0 = Release|Any CPU
		{BED2429A-2379-48E1-B8F9-48B3D117BFC5}.Release|x86.ActiveCfg = Release|Any CPU
		{BED2429A-2379-48E1-B8F9-48B3D117BFC5}.Release|x86.Build.0 = Release|Any CPU
	EndGlobalSection
	GlobalSection(SolutionProperties) = preSolution
		HideSolutionNode = FALSE
	EndGlobalSection
	GlobalSection(ExtensibilityGlobals) = postSolution
		SolutionGuid = {502A698D-168F-435B-B963-2B729B87979E}
	EndGlobalSection
EndGlobal
