
Microsoft Visual Studio Solution File, Format Version 12.00
# Visual Studio Version 16
VisualStudioVersion = 16.0.31515.178
MinimumVisualStudioVersion = 10.0.40219.1
Project("{FAE04EC0-301F-11D3-BF4B-00C04F79EFBC}") = "PriceConverter.Android", "PriceConverter.Android\PriceConverter.Android.csproj", "{AE772925-7235-4A5F-B43F-C7C7727237FD}"
EndProject
Project("{FAE04EC0-301F-11D3-BF4B-00C04F79EFBC}") = "PriceConverter", "PriceConverter\PriceConverter.csproj", "{A1F0327B-C894-4D4A-8E48-F6F39186CC23}"
EndProject
Global
	GlobalSection(SolutionConfigurationPlatforms) = preSolution
		Debug|Any CPU = Debug|Any CPU
		Release|Any CPU = Release|Any CPU
	EndGlobalSection
	GlobalSection(ProjectConfigurationPlatforms) = postSolution
		{AE772925-7235-4A5F-B43F-C7C7727237FD}.Debug|Any CPU.ActiveCfg = Debug|Any CPU
		{AE772925-7235-4A5F-B43F-C7C7727237FD}.Debug|Any CPU.Build.0 = Debug|Any CPU
		{AE772925-7235-4A5F-B43F-C7C7727237FD}.Debug|Any CPU.Deploy.0 = Debug|Any CPU
		{AE772925-7235-4A5F-B43F-C7C7727237FD}.Release|Any CPU.ActiveCfg = Release|Any CPU
		{AE772925-7235-4A5F-B43F-C7C7727237FD}.Release|Any CPU.Build.0 = Release|Any CPU
		{AE772925-7235-4A5F-B43F-C7C7727237FD}.Release|Any CPU.Deploy.0 = Release|Any CPU
		{A1F0327B-C894-4D4A-8E48-F6F39186CC23}.Debug|Any CPU.ActiveCfg = Debug|Any CPU
		{A1F0327B-C894-4D4A-8E48-F6F39186CC23}.Debug|Any CPU.Build.0 = Debug|Any CPU
		{A1F0327B-C894-4D4A-8E48-F6F39186CC23}.Debug|Any CPU.Deploy.0 = Debug|Any CPU
		{A1F0327B-C894-4D4A-8E48-F6F39186CC23}.Release|Any CPU.ActiveCfg = Release|Any CPU
		{A1F0327B-C894-4D4A-8E48-F6F39186CC23}.Release|Any CPU.Build.0 = Release|Any CPU
		{A1F0327B-C894-4D4A-8E48-F6F39186CC23}.Release|Any CPU.Deploy.0 = Release|Any CPU
	EndGlobalSection
	GlobalSection(SolutionProperties) = preSolution
		HideSolutionNode = FALSE
	EndGlobalSection
	GlobalSection(ExtensibilityGlobals) = postSolution
		SolutionGuid = {93F27279-532B-4EA5-B398-0AB41870D79A}
	EndGlobalSection
EndGlobal
